
Microsoft Visual Studio Solution File, Format Version 12.00
# Visual Studio Version 17
VisualStudioVersion = 17.14.36401.2
MinimumVisualStudioVersion = 10.0.40219.1
Project("{8BC9CEB8-8B4A-11D0-8D11-00A0C91BC942}") = "EncryptionDecryption", "EncryptionDecryption\EncryptionDecryption.vcxproj", "{7695A5C1-F72F-47DD-A8D9-E02AF83D2056}"
EndProject
Project("{8BC9CEB8-8B4A-11D0-8D11-00A0C91BC942}") = "Test", "Test\Test.vcxproj", "{F4FB6C8B-62F4-476D-9C77-2BF14739E11D}"
EndProject
Global
	GlobalSection(SolutionConfigurationPlatforms) = preSolution
		Debug|x64 = Debug|x64
		Debug|x86 = Debug|x86
		Release|x64 = Release|x64
		Release|x86 = Release|x86
	EndGlobalSection
	GlobalSection(ProjectConfigurationPlatforms) = postSolution
		{7695A5C1-F72F-47DD-A8D9-E02AF83D2056}.Debug|x64.ActiveCfg = Debug|x64
		{7695A5C1-F72F-47DD-A8D9-E02AF83D2056}.Debug|x64.Build.0 = Debug|x64
		{7695A5C1-F72F-47DD-A8D9-E02AF83D2056}.Debug|x86.ActiveCfg = Debug|Win32
		{7695A5C1-F72F-47DD-A8D9-E02AF83D2056}.Debug|x86.Build.0 = Debug|Win32
		{7695A5C1-F72F-47DD-A8D9-E02AF83D2056}.Release|x64.ActiveCfg = Release|x64
		{7695A5C1-F72F-47DD-A8D9-E02AF83D2056}.Release|x64.Build.0 = Release|x64
		{7695A5C1-F72F-47DD-A8D9-E02AF83D2056}.Release|x86.ActiveCfg = Release|Win32
		{7695A5C1-F72F-47DD-A8D9-E02AF83D2056}.Release|x86.Build.0 = Release|Win32
		{F4FB6C8B-62F4-476D-9C77-2BF14739E11D}.Debug|x64.ActiveCfg = Debug|x64
		{F4FB6C8B-62F4-476D-9C77-2BF14739E11D}.Debug|x64.Build.0 = Debug|x64
		{F4FB6C8B-62F4-476D-9C77-2BF14739E11D}.Debug|x86.ActiveCfg = Debug|Win32
		{F4FB6C8B-62F4-476D-9C77-2BF14739E11D}.Debug|x86.Build.0 = Debug|Win32
		{F4FB6C8B-62F4-476D-9C77-2BF14739E11D}.Release|x64.ActiveCfg = Release|x64
		{F4FB6C8B-62F4-476D-9C77-2BF14739E11D}.Release|x64.Build.0 = Release|x64
		{F4FB6C8B-62F4-476D-9C77-2BF14739E11D}.Release|x86.ActiveCfg = Release|Win32
		{F4FB6C8B-62F4-476D-9C77-2BF14739E11D}.Release|x86.Build.0 = Release|Win32
	EndGlobalSection
	GlobalSection(SolutionProperties) = preSolution
		HideSolutionNode = FALSE
	EndGlobalSection
	GlobalSection(ExtensibilityGlobals) = postSolution
		SolutionGuid = {9A7AA0B8-9412-448E-B433-7D288D042134}
	EndGlobalSection
EndGlobal
